
Microsoft Visual Studio Solution File, Format Version 12.00
# Visual Studio 15
VisualStudioVersion = 15.0.28307.645
MinimumVisualStudioVersion = 10.0.40219.1
Project("{8BC9CEB8-8B4A-11D0-8D11-00A0C91BC942}") = "Loader", "Loader\Loader.vcxproj", "{A7074F1B-2CF5-43DE-9FEF-1AB1B52E1119}"
EndProject
Project("{2150E333-8FDC-42A3-9474-1A3956D46DE8}") = ".NET DLL", ".NET DLL", "{BB44C19A-BCF0-4B5D-8BB8-FDCE377E65F7}"
	ProjectSection(SolutionItems) = preProject
		ADDITIONAL_FILES\.NET DLL\Newtonsoft.Json.dll = ADDITIONAL_FILES\.NET DLL\Newtonsoft.Json.dll
		ADDITIONAL_FILES\.NET DLL\xNet.dll = ADDITIONAL_FILES\.NET DLL\xNet.dll
	EndProjectSection
EndProject
Project("{FAE04EC0-301F-11D3-BF4B-00C04F79EFBC}") = "Loader .NET", "Loader .NET\Loader .NET.csproj", "{70A4835E-22D1-4EAE-83D6-B4ED9D773891}"
EndProject
Project("{8BC9CEB8-8B4A-11D0-8D11-00A0C91BC942}") = "Cheat", "Cheat\Cheat.vcxproj", "{8BB818FD-CA2F-4520-8CE1-47378480CCA6}"
EndProject
Global
	GlobalSection(SolutionConfigurationPlatforms) = preSolution
		Debug|Any CPU = Debug|Any CPU
		Debug|x64 = Debug|x64
		Debug|x86 = Debug|x86
		Release|Any CPU = Release|Any CPU
		Release|x64 = Release|x64
		Release|x86 = Release|x86
	EndGlobalSection
	GlobalSection(ProjectConfigurationPlatforms) = postSolution
		{A7074F1B-2CF5-43DE-9FEF-1AB1B52E1119}.Debug|Any CPU.ActiveCfg = Debug|Win32
		{A7074F1B-2CF5-43DE-9FEF-1AB1B52E1119}.Debug|Any CPU.Build.0 = Debug|Win32
		{A7074F1B-2CF5-43DE-9FEF-1AB1B52E1119}.Debug|x64.ActiveCfg = Debug|x64
		{A7074F1B-2CF5-43DE-9FEF-1AB1B52E1119}.Debug|x64.Build.0 = Debug|x64
		{A7074F1B-2CF5-43DE-9FEF-1AB1B52E1119}.Debug|x86.ActiveCfg = Debug|Win32
		{A7074F1B-2CF5-43DE-9FEF-1AB1B52E1119}.Debug|x86.Build.0 = Debug|Win32
		{A7074F1B-2CF5-43DE-9FEF-1AB1B52E1119}.Release|Any CPU.ActiveCfg = Release|Win32
		{A7074F1B-2CF5-43DE-9FEF-1AB1B52E1119}.Release|Any CPU.Build.0 = Release|Win32
		{A7074F1B-2CF5-43DE-9FEF-1AB1B52E1119}.Release|x64.ActiveCfg = Release|x64
		{A7074F1B-2CF5-43DE-9FEF-1AB1B52E1119}.Release|x64.Build.0 = Release|x64
		{A7074F1B-2CF5-43DE-9FEF-1AB1B52E1119}.Release|x86.ActiveCfg = Release|Win32
		{A7074F1B-2CF5-43DE-9FEF-1AB1B52E1119}.Release|x86.Build.0 = Release|Win32
		{70A4835E-22D1-4EAE-83D6-B4ED9D773891}.Debug|Any CPU.ActiveCfg = Debug|Any CPU
		{70A4835E-22D1-4EAE-83D6-B4ED9D773891}.Debug|Any CPU.Build.0 = Debug|Any CPU
		{70A4835E-22D1-4EAE-83D6-B4ED9D773891}.Debug|x64.ActiveCfg = Debug|Any CPU
		{70A4835E-22D1-4EAE-83D6-B4ED9D773891}.Debug|x64.Build.0 = Debug|Any CPU
		{70A4835E-22D1-4EAE-83D6-B4ED9D773891}.Debug|x86.ActiveCfg = Debug|Any CPU
		{70A4835E-22D1-4EAE-83D6-B4ED9D773891}.Debug|x86.Build.0 = Debug|Any CPU
		{70A4835E-22D1-4EAE-83D6-B4ED9D773891}.Release|Any CPU.ActiveCfg = Release|Any CPU
		{70A4835E-22D1-4EAE-83D6-B4ED9D773891}.Release|Any CPU.Build.0 = Release|Any CPU
		{70A4835E-22D1-4EAE-83D6-B4ED9D773891}.Release|x64.ActiveCfg = Release|Any CPU
		{70A4835E-22D1-4EAE-83D6-B4ED9D773891}.Release|x64.Build.0 = Release|Any CPU
		{70A4835E-22D1-4EAE-83D6-B4ED9D773891}.Release|x86.ActiveCfg = Release|Any CPU
		{70A4835E-22D1-4EAE-83D6-B4ED9D773891}.Release|x86.Build.0 = Release|Any CPU
		{8BB818FD-CA2F-4520-8CE1-47378480CCA6}.Debug|Any CPU.ActiveCfg = Debug|Win32
		{8BB818FD-CA2F-4520-8CE1-47378480CCA6}.Debug|Any CPU.Build.0 = Debug|Win32
		{8BB818FD-CA2F-4520-8CE1-47378480CCA6}.Debug|x64.ActiveCfg = Debug|x64
		{8BB818FD-CA2F-4520-8CE1-47378480CCA6}.Debug|x64.Build.0 = Debug|x64
		{8BB818FD-CA2F-4520-8CE1-47378480CCA6}.Debug|x86.ActiveCfg = Debug|Win32
		{8BB818FD-CA2F-4520-8CE1-47378480CCA6}.Debug|x86.Build.0 = Debug|Win32
		{8BB818FD-CA2F-4520-8CE1-47378480CCA6}.Release|Any CPU.ActiveCfg = Release|Win32
		{8BB818FD-CA2F-4520-8CE1-47378480CCA6}.Release|Any CPU.Build.0 = Release|Win32
		{8BB818FD-CA2F-4520-8CE1-47378480CCA6}.Release|x64.ActiveCfg = Release|x64
		{8BB818FD-CA2F-4520-8CE1-47378480CCA6}.Release|x64.Build.0 = Release|x64
		{8BB818FD-CA2F-4520-8CE1-47378480CCA6}.Release|x86.ActiveCfg = Release|Win32
		{8BB818FD-CA2F-4520-8CE1-47378480CCA6}.Release|x86.Build.0 = Release|Win32
	EndGlobalSection
	GlobalSection(SolutionProperties) = preSolution
		HideSolutionNode = FALSE
	EndGlobalSection
	GlobalSection(ExtensibilityGlobals) = postSolution
		SolutionGuid = {3459DD90-33A8-478D-8241-05A935981AA0}
	EndGlobalSection
EndGlobal
