<?xml version="1.0" encoding="utf-8"?>
<Project ToolsVersion="4.0" xmlns="http://schemas.microsoft.com/developer/msbuild/2003">
  <ItemGroup>
    <Filter Include="SDK">
      <UniqueIdentifier>{ab623509-0d78-41d8-b2af-59b5736c39f0}</UniqueIdentifier>
    </Filter>
    <Filter Include="SDK\license">
      <UniqueIdentifier>{40603b62-70a4-455f-8f17-196628cd707b}</UniqueIdentifier>
    </Filter>
    <Filter Include="SDK\openssl extensions">
      <UniqueIdentifier>{49c0368e-e43e-4c50-81a2-697c2bf137a6}</UniqueIdentifier>
    </Filter>
    <Filter Include="SDK\network">
      <UniqueIdentifier>{f2fce8ca-6371-4fb8-934d-e5c0277aa55f}</UniqueIdentifier>
    </Filter>
    <Filter Include="SDK\network\http">
      <UniqueIdentifier>{75178b94-4266-45bd-b5d1-b0486fe8cd17}</UniqueIdentifier>
    </Filter>
    <Filter Include="SDK\crypto">
      <UniqueIdentifier>{05c4e0f4-4ac2-4065-9f1e-4606840cdbf1}</UniqueIdentifier>
    </Filter>
    <Filter Include="SDK\network\sokets">
      <UniqueIdentifier>{d058ce42-acf3-4033-b632-e0f35d35d519}</UniqueIdentifier>
    </Filter>
    <Filter Include="SDK\crypto\hash">
      <UniqueIdentifier>{e39ed5fa-c9c0-488d-aeed-0dac4dda98cb}</UniqueIdentifier>
    </Filter>
    <Filter Include="SDK\crypto\base64">
      <UniqueIdentifier>{79501dfa-0ee3-4d2d-846e-48b5d5be1620}</UniqueIdentifier>
    </Filter>
    <Filter Include="SDK\globals">
      <UniqueIdentifier>{70d10e6b-f568-494a-adf9-5d03f5bac99c}</UniqueIdentifier>
    </Filter>
    <Filter Include="SDK\rapidjson">
      <UniqueIdentifier>{a8287d2c-bf94-4a95-a3c8-eadd504a34d8}</UniqueIdentifier>
    </Filter>
    <Filter Include="SDK\rapidjson\error">
      <UniqueIdentifier>{09fd0525-8e35-49d5-8da8-8049f2d67161}</UniqueIdentifier>
    </Filter>
    <Filter Include="SDK\rapidjson\internal">
      <UniqueIdentifier>{369961dc-9155-437b-b4a8-e042b7b43e76}</UniqueIdentifier>
    </Filter>
    <Filter Include="SDK\rapidjson\msinttypes">
      <UniqueIdentifier>{cfbd876d-97c2-450d-b801-18db841506a1}</UniqueIdentifier>
    </Filter>
    <Filter Include="SDK\protection">
      <UniqueIdentifier>{73244cde-20d8-4f4e-bff2-d9f1407b6933}</UniqueIdentifier>
    </Filter>
    <Filter Include="source-sdk">
      <UniqueIdentifier>{b8742911-8dd9-449b-b060-63f9e1f82113}</UniqueIdentifier>
    </Filter>
    <Filter Include="source-sdk\classes">
      <UniqueIdentifier>{c60c2b18-fefe-4bdd-afa6-ddd700e8b91c}</UniqueIdentifier>
    </Filter>
    <Filter Include="source-sdk\math">
      <UniqueIdentifier>{8b441de7-cd81-401c-8e11-c1c3eeeacd0f}</UniqueIdentifier>
    </Filter>
    <Filter Include="source-sdk\misc">
      <UniqueIdentifier>{772b9d90-9d87-4b1d-bbfa-264d3f093add}</UniqueIdentifier>
    </Filter>
    <Filter Include="source-sdk\structs">
      <UniqueIdentifier>{2a93aa31-582a-42f9-9cf3-051b676b5b33}</UniqueIdentifier>
    </Filter>
    <Filter Include="dependencies">
      <UniqueIdentifier>{b7bc80bc-345d-4b54-9442-e81463efd2e6}</UniqueIdentifier>
    </Filter>
    <Filter Include="dependencies\interfaces">
      <UniqueIdentifier>{2e5165d4-74a2-4ccc-85db-40a78e0a4b30}</UniqueIdentifier>
    </Filter>
    <Filter Include="dependencies\math">
      <UniqueIdentifier>{96afac69-1546-4c3e-9fc3-c315c2f7a2ff}</UniqueIdentifier>
    </Filter>
    <Filter Include="dependencies\utilities">
      <UniqueIdentifier>{cb4c3c36-0e80-4aca-bb83-95b8ba763db3}</UniqueIdentifier>
    </Filter>
    <Filter Include="core">
      <UniqueIdentifier>{7a83c3b8-21a8-4085-b465-fedec61fadf7}</UniqueIdentifier>
    </Filter>
    <Filter Include="core\hooks">
      <UniqueIdentifier>{0d32882f-b27c-4244-b978-11157b0437a8}</UniqueIdentifier>
    </Filter>
    <Filter Include="core\menu">
      <UniqueIdentifier>{cc504fc5-8f74-44cd-9229-dc742c8fae6f}</UniqueIdentifier>
    </Filter>
    <Filter Include="core\menu\config">
      <UniqueIdentifier>{cd95c597-47c6-4367-b775-ddb1accd66b2}</UniqueIdentifier>
    </Filter>
    <Filter Include="core\menu\imgui">
      <UniqueIdentifier>{9503d411-1e05-4364-8b95-c8e855a7b858}</UniqueIdentifier>
    </Filter>
    <Filter Include="core\menu\imgui\dx9">
      <UniqueIdentifier>{8eda4c6d-8c99-4b9e-944f-7b71835578e3}</UniqueIdentifier>
    </Filter>
    <Filter Include="core\features">
      <UniqueIdentifier>{95d052f1-dbef-4e23-a824-80b0d98eb236}</UniqueIdentifier>
    </Filter>
    <Filter Include="core\features\aimbot">
      <UniqueIdentifier>{c072dbe6-7261-40ff-832f-1b2a2af2ab39}</UniqueIdentifier>
    </Filter>
    <Filter Include="core\features\backtrack">
      <UniqueIdentifier>{77a7b4ac-97ad-4783-9194-e1797204b5b5}</UniqueIdentifier>
    </Filter>
    <Filter Include="core\features\misc">
      <UniqueIdentifier>{023bb5fc-4097-40f7-908c-de7a089b67be}</UniqueIdentifier>
    </Filter>
    <Filter Include="core\features\skinchanger">
      <UniqueIdentifier>{6aecaa78-853a-4c18-a1b8-ea827502174a}</UniqueIdentifier>
    </Filter>
    <Filter Include="core\features\visuals">
      <UniqueIdentifier>{20288c82-e50a-47c6-8128-57a74e4464a6}</UniqueIdentifier>
    </Filter>
  </ItemGroup>
  <ItemGroup>
    <ClCompile Include="DllMain.cpp" />
    <ClCompile Include="SDK\license\license_manager.cpp">
      <Filter>SDK\license</Filter>
    </ClCompile>
    <ClCompile Include="SDK\openssl extensions\openssl_extensions.cpp">
      <Filter>SDK\openssl extensions</Filter>
    </ClCompile>
    <ClCompile Include="SDK\network\http\http_request.cpp">
      <Filter>SDK\network\http</Filter>
    </ClCompile>
    <ClCompile Include="SDK\network\sokets\local_client.cpp">
      <Filter>SDK\network\sokets</Filter>
    </ClCompile>
    <ClCompile Include="SDK\crypto\hash\sha256.cpp">
      <Filter>SDK\crypto\hash</Filter>
    </ClCompile>
    <ClCompile Include="SDK\crypto\hash\sha512.cpp">
      <Filter>SDK\crypto\hash</Filter>
    </ClCompile>
    <ClCompile Include="SDK\crypto\base64\base64.cpp">
      <Filter>SDK\crypto\base64</Filter>
    </ClCompile>
    <ClCompile Include="SDK\globals\globals.cpp">
      <Filter>SDK\globals</Filter>
    </ClCompile>
    <ClCompile Include="SDK\protection\AntiLeak.cpp">
      <Filter>SDK\protection</Filter>
    </ClCompile>
    <ClCompile Include="source-sdk\math\vector3d.cpp">
      <Filter>source-sdk\math</Filter>
    </ClCompile>
    <ClCompile Include="source-sdk\math\view_matrix.cpp">
      <Filter>source-sdk\math</Filter>
    </ClCompile>
    <ClCompile Include="dependencies\interfaces\interfaces.cpp">
      <Filter>dependencies\interfaces</Filter>
    </ClCompile>
    <ClCompile Include="dependencies\math\math.cpp">
      <Filter>dependencies\math</Filter>
    </ClCompile>
    <ClCompile Include="dependencies\utilities\hook.cpp">
      <Filter>dependencies\utilities</Filter>
    </ClCompile>
    <ClCompile Include="dependencies\utilities\md5.cpp">
      <Filter>dependencies\utilities</Filter>
    </ClCompile>
    <ClCompile Include="dependencies\utilities\netvar_manager.cpp">
      <Filter>dependencies\utilities</Filter>
    </ClCompile>
    <ClCompile Include="dependencies\utilities\render.cpp">
      <Filter>dependencies\utilities</Filter>
    </ClCompile>
    <ClCompile Include="dependencies\utilities\utilities.cpp">
      <Filter>dependencies\utilities</Filter>
    </ClCompile>
    <ClCompile Include="core\menu\imgui\dx9\imgui_impl_dx9.cpp">
      <Filter>core\menu\imgui\dx9</Filter>
    </ClCompile>
    <ClCompile Include="core\menu\imgui\imgui.cpp">
      <Filter>core\menu\imgui</Filter>
    </ClCompile>
    <ClCompile Include="core\menu\imgui\imgui_draw.cpp">
      <Filter>core\menu\imgui</Filter>
    </ClCompile>
    <ClCompile Include="core\menu\config\config.cpp">
      <Filter>core\menu\config</Filter>
    </ClCompile>
    <ClCompile Include="core\hooks\hooks.cpp">
      <Filter>core\hooks</Filter>
    </ClCompile>
    <ClCompile Include="core\features\aimbot\aimbot.cpp">
      <Filter>core\features\aimbot</Filter>
    </ClCompile>
    <ClCompile Include="core\features\backtrack\backtrack.cpp">
      <Filter>core\features\backtrack</Filter>
    </ClCompile>
    <ClCompile Include="core\features\misc\events.cpp">
      <Filter>core\features\misc</Filter>
    </ClCompile>
    <ClCompile Include="core\features\misc\hitmarker.cpp">
      <Filter>core\features\misc</Filter>
    </ClCompile>
    <ClCompile Include="core\features\misc\logs.cpp">
      <Filter>core\features\misc</Filter>
    </ClCompile>
    <ClCompile Include="core\features\misc\misc.cpp">
      <Filter>core\features\misc</Filter>
    </ClCompile>
    <ClCompile Include="core\features\misc\movement.cpp">
      <Filter>core\features\misc</Filter>
    </ClCompile>
    <ClCompile Include="core\features\misc\prediction.cpp">
      <Filter>core\features\misc</Filter>
    </ClCompile>
    <ClCompile Include="core\features\visuals\nightmode.cpp">
      <Filter>core\features\visuals</Filter>
    </ClCompile>
    <ClCompile Include="core\features\visuals\sound.cpp">
      <Filter>core\features\visuals</Filter>
    </ClCompile>
    <ClCompile Include="core\features\visuals\visuals.cpp">
      <Filter>core\features\visuals</Filter>
    </ClCompile>
    <ClCompile Include="core\features\skinchanger\glovechanger.cpp">
      <Filter>core\features\skinchanger</Filter>
    </ClCompile>
    <ClCompile Include="core\features\skinchanger\parser.cpp">
      <Filter>core\features\skinchanger</Filter>
    </ClCompile>
    <ClCompile Include="core\features\skinchanger\skinchanger.cpp">
      <Filter>core\features\skinchanger</Filter>
    </ClCompile>
    <ClCompile Include="core\menu\menu.cpp">
      <Filter>core\menu</Filter>
    </ClCompile>
  </ItemGroup>
  <ItemGroup>
    <ClInclude Include="SDK\license\license_manager.h">
      <Filter>SDK\license</Filter>
    </ClInclude>
    <ClInclude Include="SDK\openssl extensions\openssl_extensions.h">
      <Filter>SDK\openssl extensions</Filter>
    </ClInclude>
    <ClInclude Include="SDK\network\http\http_request.h">
      <Filter>SDK\network\http</Filter>
    </ClInclude>
    <ClInclude Include="SDK\crypto\XorStr.h">
      <Filter>SDK\crypto</Filter>
    </ClInclude>
    <ClInclude Include="SDK\network\sokets\local_client.h">
      <Filter>SDK\network\sokets</Filter>
    </ClInclude>
    <ClInclude Include="SDK\crypto\hash\sha256.hpp">
      <Filter>SDK\crypto\hash</Filter>
    </ClInclude>
    <ClInclude Include="SDK\crypto\hash\sha512.hpp">
      <Filter>SDK\crypto\hash</Filter>
    </ClInclude>
    <ClInclude Include="SDK\crypto\base64\base64.hpp">
      <Filter>SDK\crypto\base64</Filter>
    </ClInclude>
    <ClInclude Include="SDK\globals\globals.h">
      <Filter>SDK\globals</Filter>
    </ClInclude>
    <ClInclude Include="SDK\rapidjson\allocators.h">
      <Filter>SDK\rapidjson</Filter>
    </ClInclude>
    <ClInclude Include="SDK\rapidjson\document.h">
      <Filter>SDK\rapidjson</Filter>
    </ClInclude>
    <ClInclude Include="SDK\rapidjson\encodedstream.h">
      <Filter>SDK\rapidjson</Filter>
    </ClInclude>
    <ClInclude Include="SDK\rapidjson\encodings.h">
      <Filter>SDK\rapidjson</Filter>
    </ClInclude>
    <ClInclude Include="SDK\rapidjson\filereadstream.h">
      <Filter>SDK\rapidjson</Filter>
    </ClInclude>
    <ClInclude Include="SDK\rapidjson\filewritestream.h">
      <Filter>SDK\rapidjson</Filter>
    </ClInclude>
    <ClInclude Include="SDK\rapidjson\fwd.h">
      <Filter>SDK\rapidjson</Filter>
    </ClInclude>
    <ClInclude Include="SDK\rapidjson\istreamwrapper.h">
      <Filter>SDK\rapidjson</Filter>
    </ClInclude>
    <ClInclude Include="SDK\rapidjson\memorybuffer.h">
      <Filter>SDK\rapidjson</Filter>
    </ClInclude>
    <ClInclude Include="SDK\rapidjson\memorystream.h">
      <Filter>SDK\rapidjson</Filter>
    </ClInclude>
    <ClInclude Include="SDK\rapidjson\ostreamwrapper.h">
      <Filter>SDK\rapidjson</Filter>
    </ClInclude>
    <ClInclude Include="SDK\rapidjson\pointer.h">
      <Filter>SDK\rapidjson</Filter>
    </ClInclude>
    <ClInclude Include="SDK\rapidjson\prettywriter.h">
      <Filter>SDK\rapidjson</Filter>
    </ClInclude>
    <ClInclude Include="SDK\rapidjson\rapidjson.h">
      <Filter>SDK\rapidjson</Filter>
    </ClInclude>
    <ClInclude Include="SDK\rapidjson\reader.h">
      <Filter>SDK\rapidjson</Filter>
    </ClInclude>
    <ClInclude Include="SDK\rapidjson\schema.h">
      <Filter>SDK\rapidjson</Filter>
    </ClInclude>
    <ClInclude Include="SDK\rapidjson\stream.h">
      <Filter>SDK\rapidjson</Filter>
    </ClInclude>
    <ClInclude Include="SDK\rapidjson\stringbuffer.h">
      <Filter>SDK\rapidjson</Filter>
    </ClInclude>
    <ClInclude Include="SDK\rapidjson\writer.h">
      <Filter>SDK\rapidjson</Filter>
    </ClInclude>
    <ClInclude Include="SDK\rapidjson\error\en.h">
      <Filter>SDK\rapidjson\error</Filter>
    </ClInclude>
    <ClInclude Include="SDK\rapidjson\error\error.h">
      <Filter>SDK\rapidjson\error</Filter>
    </ClInclude>
    <ClInclude Include="SDK\rapidjson\internal\biginteger.h">
      <Filter>SDK\rapidjson\internal</Filter>
    </ClInclude>
    <ClInclude Include="SDK\rapidjson\internal\diyfp.h">
      <Filter>SDK\rapidjson\internal</Filter>
    </ClInclude>
    <ClInclude Include="SDK\rapidjson\internal\dtoa.h">
      <Filter>SDK\rapidjson\internal</Filter>
    </ClInclude>
    <ClInclude Include="SDK\rapidjson\internal\ieee754.h">
      <Filter>SDK\rapidjson\internal</Filter>
    </ClInclude>
    <ClInclude Include="SDK\rapidjson\internal\itoa.h">
      <Filter>SDK\rapidjson\internal</Filter>
    </ClInclude>
    <ClInclude Include="SDK\rapidjson\internal\meta.h">
      <Filter>SDK\rapidjson\internal</Filter>
    </ClInclude>
    <ClInclude Include="SDK\rapidjson\internal\pow10.h">
      <Filter>SDK\rapidjson\internal</Filter>
    </ClInclude>
    <ClInclude Include="SDK\rapidjson\internal\regex.h">
      <Filter>SDK\rapidjson\internal</Filter>
    </ClInclude>
    <ClInclude Include="SDK\rapidjson\internal\stack.h">
      <Filter>SDK\rapidjson\internal</Filter>
    </ClInclude>
    <ClInclude Include="SDK\rapidjson\internal\strfunc.h">
      <Filter>SDK\rapidjson\internal</Filter>
    </ClInclude>
    <ClInclude Include="SDK\rapidjson\internal\strtod.h">
      <Filter>SDK\rapidjson\internal</Filter>
    </ClInclude>
    <ClInclude Include="SDK\rapidjson\internal\swap.h">
      <Filter>SDK\rapidjson\internal</Filter>
    </ClInclude>
    <ClInclude Include="SDK\rapidjson\msinttypes\inttypes.h">
      <Filter>SDK\rapidjson\msinttypes</Filter>
    </ClInclude>
    <ClInclude Include="SDK\rapidjson\msinttypes\stdint.h">
      <Filter>SDK\rapidjson\msinttypes</Filter>
    </ClInclude>
    <ClInclude Include="SDK\protection\AntiLeak.h">
      <Filter>SDK\protection</Filter>
    </ClInclude>
    <ClInclude Include="DllMain.h" />
    <ClInclude Include="source-sdk\sdk.hpp">
      <Filter>source-sdk</Filter>
    </ClInclude>
    <ClInclude Include="source-sdk\classes\c_usercmd.hpp">
      <Filter>source-sdk\classes</Filter>
    </ClInclude>
    <ClInclude Include="source-sdk\classes\client_class.hpp">
      <Filter>source-sdk\classes</Filter>
    </ClInclude>
    <ClInclude Include="source-sdk\classes\collideable.hpp">
      <Filter>source-sdk\classes</Filter>
    </ClInclude>
    <ClInclude Include="source-sdk\classes\convar.hpp">
      <Filter>source-sdk\classes</Filter>
    </ClInclude>
    <ClInclude Include="source-sdk\classes\entities.hpp">
      <Filter>source-sdk\classes</Filter>
    </ClInclude>
    <ClInclude Include="source-sdk\classes\net_channel.hpp">
      <Filter>source-sdk\classes</Filter>
    </ClInclude>
    <ClInclude Include="source-sdk\classes\recv_props.hpp">
      <Filter>source-sdk\classes</Filter>
    </ClInclude>
    <ClInclude Include="source-sdk\classes\studio.hpp">
      <Filter>source-sdk\classes</Filter>
    </ClInclude>
    <ClInclude Include="source-sdk\classes\view_setup.h">
      <Filter>source-sdk\classes</Filter>
    </ClInclude>
    <ClInclude Include="source-sdk\math\utl_vector.hpp">
      <Filter>source-sdk\math</Filter>
    </ClInclude>
    <ClInclude Include="source-sdk\math\vector2d.hpp">
      <Filter>source-sdk\math</Filter>
    </ClInclude>
    <ClInclude Include="source-sdk\math\vector3d.hpp">
      <Filter>source-sdk\math</Filter>
    </ClInclude>
    <ClInclude Include="source-sdk\math\view_matrix.hpp">
      <Filter>source-sdk\math</Filter>
    </ClInclude>
    <ClInclude Include="source-sdk\misc\color.hpp">
      <Filter>source-sdk\misc</Filter>
    </ClInclude>
    <ClInclude Include="source-sdk\structs\dlight.hpp">
      <Filter>source-sdk\structs</Filter>
    </ClInclude>
    <ClInclude Include="source-sdk\structs\materials.hpp">
      <Filter>source-sdk\structs</Filter>
    </ClInclude>
    <ClInclude Include="source-sdk\structs\models.hpp">
      <Filter>source-sdk\structs</Filter>
    </ClInclude>
    <ClInclude Include="source-sdk\structs\vertex_t.hpp">
      <Filter>source-sdk\structs</Filter>
    </ClInclude>
    <ClInclude Include="source-sdk\structs\weaponinfo.hpp">
      <Filter>source-sdk\structs</Filter>
    </ClInclude>
    <ClInclude Include="dependencies\common_includes.hpp">
      <Filter>dependencies</Filter>
    </ClInclude>
    <ClInclude Include="dependencies\interfaces\c_global_vars_base.hpp">
      <Filter>dependencies\interfaces</Filter>
    </ClInclude>
    <ClInclude Include="dependencies\interfaces\engine_sounds.hpp">
      <Filter>dependencies\interfaces</Filter>
    </ClInclude>
    <ClInclude Include="dependencies\interfaces\glow_manager.hpp">
      <Filter>dependencies\interfaces</Filter>
    </ClInclude>
    <ClInclude Include="dependencies\interfaces\i_app_system.hpp">
      <Filter>dependencies\interfaces</Filter>
    </ClInclude>
    <ClInclude Include="dependencies\interfaces\i_base_client_dll.hpp">
      <Filter>dependencies\interfaces</Filter>
    </ClInclude>
    <ClInclude Include="dependencies\interfaces\i_client_entity_list.hpp">
      <Filter>dependencies\interfaces</Filter>
    </ClInclude>
    <ClInclude Include="dependencies\interfaces\i_client_mode.hpp">
      <Filter>dependencies\interfaces</Filter>
    </ClInclude>
    <ClInclude Include="dependencies\interfaces\i_client_state.hpp">
      <Filter>dependencies\interfaces</Filter>
    </ClInclude>
    <ClInclude Include="dependencies\interfaces\i_console.hpp">
      <Filter>dependencies\interfaces</Filter>
    </ClInclude>
    <ClInclude Include="dependencies\interfaces\i_game_event_manager.hpp">
      <Filter>dependencies\interfaces</Filter>
    </ClInclude>
    <ClInclude Include="dependencies\interfaces\i_input.hpp">
      <Filter>dependencies\interfaces</Filter>
    </ClInclude>
    <ClInclude Include="dependencies\interfaces\i_input_system.hpp">
      <Filter>dependencies\interfaces</Filter>
    </ClInclude>
    <ClInclude Include="dependencies\interfaces\i_localize.hpp">
      <Filter>dependencies\interfaces</Filter>
    </ClInclude>
    <ClInclude Include="dependencies\interfaces\i_material_system.hpp">
      <Filter>dependencies\interfaces</Filter>
    </ClInclude>
    <ClInclude Include="dependencies\interfaces\i_panel.hpp">
      <Filter>dependencies\interfaces</Filter>
    </ClInclude>
    <ClInclude Include="dependencies\interfaces\i_player_movement.hpp">
      <Filter>dependencies\interfaces</Filter>
    </ClInclude>
    <ClInclude Include="dependencies\interfaces\i_render_view.hpp">
      <Filter>dependencies\interfaces</Filter>
    </ClInclude>
    <ClInclude Include="dependencies\interfaces\i_surface.hpp">
      <Filter>dependencies\interfaces</Filter>
    </ClInclude>
    <ClInclude Include="dependencies\interfaces\i_trace.hpp">
      <Filter>dependencies\interfaces</Filter>
    </ClInclude>
    <ClInclude Include="dependencies\interfaces\imageformats.h">
      <Filter>dependencies\interfaces</Filter>
    </ClInclude>
    <ClInclude Include="dependencies\interfaces\interfaces.hpp">
      <Filter>dependencies\interfaces</Filter>
    </ClInclude>
    <ClInclude Include="dependencies\interfaces\iv_debug_overlay.hpp">
      <Filter>dependencies\interfaces</Filter>
    </ClInclude>
    <ClInclude Include="dependencies\interfaces\iv_effects.hpp">
      <Filter>dependencies\interfaces</Filter>
    </ClInclude>
    <ClInclude Include="dependencies\interfaces\iv_engine_client.hpp">
      <Filter>dependencies\interfaces</Filter>
    </ClInclude>
    <ClInclude Include="dependencies\interfaces\iv_model_info.hpp">
      <Filter>dependencies\interfaces</Filter>
    </ClInclude>
    <ClInclude Include="dependencies\interfaces\iv_model_render.hpp">
      <Filter>dependencies\interfaces</Filter>
    </ClInclude>
    <ClInclude Include="dependencies\interfaces\iv_render_beams.hpp">
      <Filter>dependencies\interfaces</Filter>
    </ClInclude>
    <ClInclude Include="dependencies\math\math.hpp">
      <Filter>dependencies\math</Filter>
    </ClInclude>
    <ClInclude Include="dependencies\utilities\fnv.hpp">
      <Filter>dependencies\utilities</Filter>
    </ClInclude>
    <ClInclude Include="dependencies\utilities\hook.hpp">
      <Filter>dependencies\utilities</Filter>
    </ClInclude>
    <ClInclude Include="dependencies\utilities\md5.hpp">
      <Filter>dependencies\utilities</Filter>
    </ClInclude>
    <ClInclude Include="dependencies\utilities\netvar_manager.hpp">
      <Filter>dependencies\utilities</Filter>
    </ClInclude>
    <ClInclude Include="dependencies\utilities\render.hpp">
      <Filter>dependencies\utilities</Filter>
    </ClInclude>
    <ClInclude Include="dependencies\utilities\singleton.hpp">
      <Filter>dependencies\utilities</Filter>
    </ClInclude>
    <ClInclude Include="dependencies\utilities\utilities.hpp">
      <Filter>dependencies\utilities</Filter>
    </ClInclude>
    <ClInclude Include="core\menu\imgui\dx9\imgui_impl_dx9.h">
      <Filter>core\menu\imgui\dx9</Filter>
    </ClInclude>
    <ClInclude Include="core\menu\imgui\imconfig.h">
      <Filter>core\menu\imgui</Filter>
    </ClInclude>
    <ClInclude Include="core\menu\imgui\imgui.h">
      <Filter>core\menu\imgui</Filter>
    </ClInclude>
    <ClInclude Include="core\menu\imgui\imgui_internal.h">
      <Filter>core\menu\imgui</Filter>
    </ClInclude>
    <ClInclude Include="core\menu\imgui\stb_rect_pack.h">
      <Filter>core\menu\imgui</Filter>
    </ClInclude>
    <ClInclude Include="core\menu\imgui\stb_textedit.h">
      <Filter>core\menu\imgui</Filter>
    </ClInclude>
    <ClInclude Include="core\menu\imgui\stb_truetype.h">
      <Filter>core\menu\imgui</Filter>
    </ClInclude>
    <ClInclude Include="core\menu\config\archivex.hpp">
      <Filter>core\menu\config</Filter>
    </ClInclude>
    <ClInclude Include="core\menu\config\config.hpp">
      <Filter>core\menu\config</Filter>
    </ClInclude>
    <ClInclude Include="core\hooks\hooks.hpp">
      <Filter>core\hooks</Filter>
    </ClInclude>
    <ClInclude Include="core\features\aimbot\aimbot.hpp">
      <Filter>core\features\aimbot</Filter>
    </ClInclude>
    <ClInclude Include="core\features\backtrack\backtrack.hpp">
      <Filter>core\features\backtrack</Filter>
    </ClInclude>
    <ClInclude Include="core\features\misc\events.hpp">
      <Filter>core\features\misc</Filter>
    </ClInclude>
    <ClInclude Include="core\features\misc\hitmarker.hpp">
      <Filter>core\features\misc</Filter>
    </ClInclude>
    <ClInclude Include="core\features\misc\logs.hpp">
      <Filter>core\features\misc</Filter>
    </ClInclude>
    <ClInclude Include="core\features\misc\misc.hpp">
      <Filter>core\features\misc</Filter>
    </ClInclude>
    <ClInclude Include="core\features\misc\movement.hpp">
      <Filter>core\features\misc</Filter>
    </ClInclude>
    <ClInclude Include="core\features\misc\prediction.hpp">
      <Filter>core\features\misc</Filter>
    </ClInclude>
    <ClInclude Include="core\features\visuals\nightmode.hpp">
      <Filter>core\features\visuals</Filter>
    </ClInclude>
    <ClInclude Include="core\features\visuals\sound.hpp">
      <Filter>core\features\visuals</Filter>
    </ClInclude>
    <ClInclude Include="core\features\visuals\visuals.hpp">
      <Filter>core\features\visuals</Filter>
    </ClInclude>
    <ClInclude Include="core\features\skinchanger\glovechanger.hpp">
      <Filter>core\features\skinchanger</Filter>
    </ClInclude>
    <ClInclude Include="core\features\skinchanger\parser.hpp">
      <Filter>core\features\skinchanger</Filter>
    </ClInclude>
    <ClInclude Include="core\features\skinchanger\skinchanger.hpp">
      <Filter>core\features\skinchanger</Filter>
    </ClInclude>
    <ClInclude Include="core\menu\menu.hpp">
      <Filter>core\menu</Filter>
    </ClInclude>
  </ItemGroup>
</Project>