<?xml version="1.0" encoding="utf-8"?>
<Project ToolsVersion="4.0" xmlns="http://schemas.microsoft.com/developer/msbuild/2003">
  <ItemGroup>
    <Filter Include="SDK">
      <UniqueIdentifier>{ab623509-0d78-41d8-b2af-59b5736c39f0}</UniqueIdentifier>
    </Filter>
    <Filter Include="SDK\license">
      <UniqueIdentifier>{40603b62-70a4-455f-8f17-196628cd707b}</UniqueIdentifier>
    </Filter>
    <Filter Include="SDK\openssl extensions">
      <UniqueIdentifier>{49c0368e-e43e-4c50-81a2-697c2bf137a6}</UniqueIdentifier>
    </Filter>
    <Filter Include="SDK\network">
      <UniqueIdentifier>{f2fce8ca-6371-4fb8-934d-e5c0277aa55f}</UniqueIdentifier>
    </Filter>
    <Filter Include="SDK\network\http">
      <UniqueIdentifier>{75178b94-4266-45bd-b5d1-b0486fe8cd17}</UniqueIdentifier>
    </Filter>
    <Filter Include="SDK\crypto">
      <UniqueIdentifier>{05c4e0f4-4ac2-4065-9f1e-4606840cdbf1}</UniqueIdentifier>
    </Filter>
    <Filter Include="SDK\network\sokets">
      <UniqueIdentifier>{d058ce42-acf3-4033-b632-e0f35d35d519}</UniqueIdentifier>
    </Filter>
    <Filter Include="SDK\crypto\hash">
      <UniqueIdentifier>{e39ed5fa-c9c0-488d-aeed-0dac4dda98cb}</UniqueIdentifier>
    </Filter>
    <Filter Include="SDK\crypto\base64">
      <UniqueIdentifier>{79501dfa-0ee3-4d2d-846e-48b5d5be1620}</UniqueIdentifier>
    </Filter>
    <Filter Include="SDK\globals">
      <UniqueIdentifier>{70d10e6b-f568-494a-adf9-5d03f5bac99c}</UniqueIdentifier>
    </Filter>
    <Filter Include="SDK\rapidjson">
      <UniqueIdentifier>{a8287d2c-bf94-4a95-a3c8-eadd504a34d8}</UniqueIdentifier>
    </Filter>
    <Filter Include="SDK\rapidjson\error">
      <UniqueIdentifier>{09fd0525-8e35-49d5-8da8-8049f2d67161}</UniqueIdentifier>
    </Filter>
    <Filter Include="SDK\rapidjson\internal">
      <UniqueIdentifier>{369961dc-9155-437b-b4a8-e042b7b43e76}</UniqueIdentifier>
    </Filter>
    <Filter Include="SDK\rapidjson\msinttypes">
      <UniqueIdentifier>{cfbd876d-97c2-450d-b801-18db841506a1}</UniqueIdentifier>
    </Filter>
    <Filter Include="SDK\protection">
      <UniqueIdentifier>{73244cde-20d8-4f4e-bff2-d9f1407b6933}</UniqueIdentifier>
    </Filter>
  </ItemGroup>
  <ItemGroup>
    <ClCompile Include="DllMain.cpp" />
    <ClCompile Include="SDK\license\license_manager.cpp">
      <Filter>SDK\license</Filter>
    </ClCompile>
    <ClCompile Include="SDK\openssl extensions\openssl_extensions.cpp">
      <Filter>SDK\openssl extensions</Filter>
    </ClCompile>
    <ClCompile Include="SDK\network\http\http_request.cpp">
      <Filter>SDK\network\http</Filter>
    </ClCompile>
    <ClCompile Include="SDK\network\sokets\local_client.cpp">
      <Filter>SDK\network\sokets</Filter>
    </ClCompile>
    <ClCompile Include="SDK\crypto\hash\sha256.cpp">
      <Filter>SDK\crypto\hash</Filter>
    </ClCompile>
    <ClCompile Include="SDK\crypto\hash\sha512.cpp">
      <Filter>SDK\crypto\hash</Filter>
    </ClCompile>
    <ClCompile Include="SDK\crypto\base64\base64.cpp">
      <Filter>SDK\crypto\base64</Filter>
    </ClCompile>
    <ClCompile Include="SDK\globals\globals.cpp">
      <Filter>SDK\globals</Filter>
    </ClCompile>
    <ClCompile Include="SDK\protection\AntiLeak.cpp">
      <Filter>SDK\protection</Filter>
    </ClCompile>
  </ItemGroup>
  <ItemGroup>
    <ClInclude Include="SDK\license\license_manager.h">
      <Filter>SDK\license</Filter>
    </ClInclude>
    <ClInclude Include="SDK\openssl extensions\openssl_extensions.h">
      <Filter>SDK\openssl extensions</Filter>
    </ClInclude>
    <ClInclude Include="SDK\network\http\http_request.h">
      <Filter>SDK\network\http</Filter>
    </ClInclude>
    <ClInclude Include="SDK\crypto\XorStr.h">
      <Filter>SDK\crypto</Filter>
    </ClInclude>
    <ClInclude Include="SDK\network\sokets\local_client.h">
      <Filter>SDK\network\sokets</Filter>
    </ClInclude>
    <ClInclude Include="SDK\crypto\hash\sha256.hpp">
      <Filter>SDK\crypto\hash</Filter>
    </ClInclude>
    <ClInclude Include="SDK\crypto\hash\sha512.hpp">
      <Filter>SDK\crypto\hash</Filter>
    </ClInclude>
    <ClInclude Include="SDK\crypto\base64\base64.hpp">
      <Filter>SDK\crypto\base64</Filter>
    </ClInclude>
    <ClInclude Include="SDK\globals\globals.h">
      <Filter>SDK\globals</Filter>
    </ClInclude>
    <ClInclude Include="SDK\rapidjson\allocators.h">
      <Filter>SDK\rapidjson</Filter>
    </ClInclude>
    <ClInclude Include="SDK\rapidjson\document.h">
      <Filter>SDK\rapidjson</Filter>
    </ClInclude>
    <ClInclude Include="SDK\rapidjson\encodedstream.h">
      <Filter>SDK\rapidjson</Filter>
    </ClInclude>
    <ClInclude Include="SDK\rapidjson\encodings.h">
      <Filter>SDK\rapidjson</Filter>
    </ClInclude>
    <ClInclude Include="SDK\rapidjson\filereadstream.h">
      <Filter>SDK\rapidjson</Filter>
    </ClInclude>
    <ClInclude Include="SDK\rapidjson\filewritestream.h">
      <Filter>SDK\rapidjson</Filter>
    </ClInclude>
    <ClInclude Include="SDK\rapidjson\fwd.h">
      <Filter>SDK\rapidjson</Filter>
    </ClInclude>
    <ClInclude Include="SDK\rapidjson\istreamwrapper.h">
      <Filter>SDK\rapidjson</Filter>
    </ClInclude>
    <ClInclude Include="SDK\rapidjson\memorybuffer.h">
      <Filter>SDK\rapidjson</Filter>
    </ClInclude>
    <ClInclude Include="SDK\rapidjson\memorystream.h">
      <Filter>SDK\rapidjson</Filter>
    </ClInclude>
    <ClInclude Include="SDK\rapidjson\ostreamwrapper.h">
      <Filter>SDK\rapidjson</Filter>
    </ClInclude>
    <ClInclude Include="SDK\rapidjson\pointer.h">
      <Filter>SDK\rapidjson</Filter>
    </ClInclude>
    <ClInclude Include="SDK\rapidjson\prettywriter.h">
      <Filter>SDK\rapidjson</Filter>
    </ClInclude>
    <ClInclude Include="SDK\rapidjson\rapidjson.h">
      <Filter>SDK\rapidjson</Filter>
    </ClInclude>
    <ClInclude Include="SDK\rapidjson\reader.h">
      <Filter>SDK\rapidjson</Filter>
    </ClInclude>
    <ClInclude Include="SDK\rapidjson\schema.h">
      <Filter>SDK\rapidjson</Filter>
    </ClInclude>
    <ClInclude Include="SDK\rapidjson\stream.h">
      <Filter>SDK\rapidjson</Filter>
    </ClInclude>
    <ClInclude Include="SDK\rapidjson\stringbuffer.h">
      <Filter>SDK\rapidjson</Filter>
    </ClInclude>
    <ClInclude Include="SDK\rapidjson\writer.h">
      <Filter>SDK\rapidjson</Filter>
    </ClInclude>
    <ClInclude Include="SDK\rapidjson\error\en.h">
      <Filter>SDK\rapidjson\error</Filter>
    </ClInclude>
    <ClInclude Include="SDK\rapidjson\error\error.h">
      <Filter>SDK\rapidjson\error</Filter>
    </ClInclude>
    <ClInclude Include="SDK\rapidjson\internal\biginteger.h">
      <Filter>SDK\rapidjson\internal</Filter>
    </ClInclude>
    <ClInclude Include="SDK\rapidjson\internal\diyfp.h">
      <Filter>SDK\rapidjson\internal</Filter>
    </ClInclude>
    <ClInclude Include="SDK\rapidjson\internal\dtoa.h">
      <Filter>SDK\rapidjson\internal</Filter>
    </ClInclude>
    <ClInclude Include="SDK\rapidjson\internal\ieee754.h">
      <Filter>SDK\rapidjson\internal</Filter>
    </ClInclude>
    <ClInclude Include="SDK\rapidjson\internal\itoa.h">
      <Filter>SDK\rapidjson\internal</Filter>
    </ClInclude>
    <ClInclude Include="SDK\rapidjson\internal\meta.h">
      <Filter>SDK\rapidjson\internal</Filter>
    </ClInclude>
    <ClInclude Include="SDK\rapidjson\internal\pow10.h">
      <Filter>SDK\rapidjson\internal</Filter>
    </ClInclude>
    <ClInclude Include="SDK\rapidjson\internal\regex.h">
      <Filter>SDK\rapidjson\internal</Filter>
    </ClInclude>
    <ClInclude Include="SDK\rapidjson\internal\stack.h">
      <Filter>SDK\rapidjson\internal</Filter>
    </ClInclude>
    <ClInclude Include="SDK\rapidjson\internal\strfunc.h">
      <Filter>SDK\rapidjson\internal</Filter>
    </ClInclude>
    <ClInclude Include="SDK\rapidjson\internal\strtod.h">
      <Filter>SDK\rapidjson\internal</Filter>
    </ClInclude>
    <ClInclude Include="SDK\rapidjson\internal\swap.h">
      <Filter>SDK\rapidjson\internal</Filter>
    </ClInclude>
    <ClInclude Include="SDK\rapidjson\msinttypes\inttypes.h">
      <Filter>SDK\rapidjson\msinttypes</Filter>
    </ClInclude>
    <ClInclude Include="SDK\rapidjson\msinttypes\stdint.h">
      <Filter>SDK\rapidjson\msinttypes</Filter>
    </ClInclude>
    <ClInclude Include="SDK\protection\AntiLeak.h">
      <Filter>SDK\protection</Filter>
    </ClInclude>
    <ClInclude Include="DllMain.h" />
  </ItemGroup>
</Project>